{
  "name": "enable-absolute-paths",
  "version": "0.0.0",
  "lockfileVersion": 3,
  "requires": true,
  "packages": {
    "": {
      "name": "enable-absolute-paths",
      "version": "0.0.0",
      "license": "MIT",
      "bin": {
        "enable-absolute-paths": "dist/index.js"
      },
      "devDependencies": {
        "prettier": "2.8.8",
        "prettier-config-one": "0.1.1",
        "tsconfig-one": "0.0.8",
        "typescript": "5.1.3"
      },
      "engines": {
        "node": ">=20"
      }
    },
    "node_modules/prettier": {
      "version": "2.8.8",
      "resolved": "https://registry.npmjs.org/prettier/-/prettier-2.8.8.tgz",
      "integrity": "sha512-tdN8qQGvNjw4CHbY+XXk0JgCXn9QiF21a55rBe5LJAU+kDyC4WQn4+awm2Xfk2lQMk5fKup9XgzTZtGkjBdP9Q==",
      "dev": true,
      "bin": {
        "prettier": "bin-prettier.js"
      },
      "engines": {
        "node": ">=10.13.0"
      },
      "funding": {
        "url": "https://github.com/prettier/prettier?sponsor=1"
      }
    },
    "node_modules/prettier-config-one": {
      "version": "0.1.1",
      "resolved": "https://registry.npmjs.org/prettier-config-one/-/prettier-config-one-0.1.1.tgz",
      "integrity": "sha512-AmNOkYxU0D5BoTADO9k//hgR4G4oqiXDCxRvZvGtMaR4l7usJuB7O9WWq92rqI8IxhxodPJtY/GcFZXC7lbFAw==",
      "dev": true
    },
    "node_modules/tsconfig-one": {
      "version": "0.0.8",
      "resolved": "https://registry.npmjs.org/tsconfig-one/-/tsconfig-one-0.0.8.tgz",
      "integrity": "sha512-/z+TmEWAejNGzU/DNgPNJSotv3UbkC8g8auWfCShQdDp8ZI9EoNtvIjPa00xgw5zKf9cBSWefk7+MnYDJeuiLw==",
      "dev": true,
      "engines": {
        "node": ">=20"
      },
      "peerDependencies": {
        "typescript": "5.x"
      }
    },
    "node_modules/typescript": {
      "version": "5.1.3",
      "resolved": "https://registry.npmjs.org/typescript/-/typescript-5.1.3.tgz",
      "integrity": "sha512-XH627E9vkeqhlZFQuL+UsyAXEnibT0kWR2FWONlr4sTjvxyJYnyefgrkyECLzM5NenmKzRAy2rR/OlYLA1HkZw==",
      "dev": true,
      "bin": {
        "tsc": "bin/tsc",
        "tsserver": "bin/tsserver"
      },
      "engines": {
        "node": ">=14.17"
      }
    }
  }
}
